
Microsoft Visual Studio Solution File, Format Version 12.00
# Visual Studio Version 17
VisualStudioVersion = 17.3.32929.385
MinimumVisualStudioVersion = 10.0.40219.1
Project("{9A19103F-16F7-4668-BE54-9A1E7A4F7556}") = "Ejercicio1", "Ejercicio1\Ejercicio1.csproj", "{2718AE07-0985-452D-A63E-12C793CB7C93}"
EndProject
Project("{9A19103F-16F7-4668-BE54-9A1E7A4F7556}") = "Ejercicio2", "Ejercicio2\Ejercicio2.csproj", "{63C823E0-50C3-4C8F-B593-87CDBA077B30}"
EndProject
Project("{9A19103F-16F7-4668-BE54-9A1E7A4F7556}") = "Ejercicio3", "Ejercicio3\Ejercicio3.csproj", "{496B7C93-D35F-45B6-A099-C513C1B1E0BD}"
EndProject
Project("{FAE04EC0-301F-11D3-BF4B-00C04F79EFBC}") = "Ejercicio1A", "Ejercicio1A\Ejercicio1A.csproj", "{67557D16-39F0-4F9F-886C-9B7A3B866FC9}"
EndProject
Global
	GlobalSection(SolutionConfigurationPlatforms) = preSolution
		Debug|Any CPU = Debug|Any CPU
		Release|Any CPU = Release|Any CPU
	EndGlobalSection
	GlobalSection(ProjectConfigurationPlatforms) = postSolution
		{2718AE07-0985-452D-A63E-12C793CB7C93}.Debug|Any CPU.ActiveCfg = Debug|Any CPU
		{2718AE07-0985-452D-A63E-12C793CB7C93}.Debug|Any CPU.Build.0 = Debug|Any CPU
		{2718AE07-0985-452D-A63E-12C793CB7C93}.Release|Any CPU.ActiveCfg = Release|Any CPU
		{2718AE07-0985-452D-A63E-12C793CB7C93}.Release|Any CPU.Build.0 = Release|Any CPU
		{63C823E0-50C3-4C8F-B593-87CDBA077B30}.Debug|Any CPU.ActiveCfg = Debug|Any CPU
		{63C823E0-50C3-4C8F-B593-87CDBA077B30}.Debug|Any CPU.Build.0 = Debug|Any CPU
		{63C823E0-50C3-4C8F-B593-87CDBA077B30}.Release|Any CPU.ActiveCfg = Release|Any CPU
		{63C823E0-50C3-4C8F-B593-87CDBA077B30}.Release|Any CPU.Build.0 = Release|Any CPU
		{496B7C93-D35F-45B6-A099-C513C1B1E0BD}.Debug|Any CPU.ActiveCfg = Debug|Any CPU
		{496B7C93-D35F-45B6-A099-C513C1B1E0BD}.Debug|Any CPU.Build.0 = Debug|Any CPU
		{496B7C93-D35F-45B6-A099-C513C1B1E0BD}.Release|Any CPU.ActiveCfg = Release|Any CPU
		{496B7C93-D35F-45B6-A099-C513C1B1E0BD}.Release|Any CPU.Build.0 = Release|Any CPU
		{67557D16-39F0-4F9F-886C-9B7A3B866FC9}.Debug|Any CPU.ActiveCfg = Debug|Any CPU
		{67557D16-39F0-4F9F-886C-9B7A3B866FC9}.Debug|Any CPU.Build.0 = Debug|Any CPU
		{67557D16-39F0-4F9F-886C-9B7A3B866FC9}.Release|Any CPU.ActiveCfg = Release|Any CPU
		{67557D16-39F0-4F9F-886C-9B7A3B866FC9}.Release|Any CPU.Build.0 = Release|Any CPU
	EndGlobalSection
	GlobalSection(SolutionProperties) = preSolution
		HideSolutionNode = FALSE
	EndGlobalSection
	GlobalSection(ExtensibilityGlobals) = postSolution
		SolutionGuid = {2DDA6412-C11C-40E9-BC24-AE41BDB180FE}
	EndGlobalSection
EndGlobal
